
Microsoft Visual Studio Solution File, Format Version 12.00
# Visual Studio 15
VisualStudioVersion = 15.0.26730.12
MinimumVisualStudioVersion = 10.0.40219.1
Project("{FAE04EC0-301F-11D3-BF4B-00C04F79EFBC}") = "Sample", "Sample\Sample.csproj", "{BCE55E78-F1CF-4FFC-8B89-DEFD7820A82B}"
EndProject
Project("{9A19103F-16F7-4668-BE54-9A1E7A4F7556}") = "AzureCloudTable.Api.Standard20", "..\src\AzureCloudTable.Api.Standard20\AzureCloudTable.Api.Standard20.csproj", "{AF2F22BD-B46A-49AE-B299-EE7D5FE69218}"
EndProject
Global
	GlobalSection(SolutionConfigurationPlatforms) = preSolution
		Debug|Any CPU = Debug|Any CPU
		Release|Any CPU = Release|Any CPU
	EndGlobalSection
	GlobalSection(ProjectConfigurationPlatforms) = postSolution
		{BCE55E78-F1CF-4FFC-8B89-DEFD7820A82B}.Debug|Any CPU.ActiveCfg = Debug|Any CPU
		{BCE55E78-F1CF-4FFC-8B89-DEFD7820A82B}.Debug|Any CPU.Build.0 = Debug|Any CPU
		{BCE55E78-F1CF-4FFC-8B89-DEFD7820A82B}.Release|Any CPU.ActiveCfg = Release|Any CPU
		{BCE55E78-F1CF-4FFC-8B89-DEFD7820A82B}.Release|Any CPU.Build.0 = Release|Any CPU
		{AF2F22BD-B46A-49AE-B299-EE7D5FE69218}.Debug|Any CPU.ActiveCfg = Debug|Any CPU
		{AF2F22BD-B46A-49AE-B299-EE7D5FE69218}.Debug|Any CPU.Build.0 = Debug|Any CPU
		{AF2F22BD-B46A-49AE-B299-EE7D5FE69218}.Release|Any CPU.ActiveCfg = Release|Any CPU
		{AF2F22BD-B46A-49AE-B299-EE7D5FE69218}.Release|Any CPU.Build.0 = Release|Any CPU
	EndGlobalSection
	GlobalSection(SolutionProperties) = preSolution
		HideSolutionNode = FALSE
	EndGlobalSection
	GlobalSection(ExtensibilityGlobals) = postSolution
		SolutionGuid = {612A6F95-0596-45DA-86E5-68C69AEA0B74}
	EndGlobalSection
EndGlobal
